
Microsoft Visual Studio Solution File, Format Version 12.00
# Visual Studio Version 16
VisualStudioVersion = 16.0.29102.190
MinimumVisualStudioVersion = 10.0.40219.1
Project("{9A19103F-16F7-4668-BE54-9A1E7A4F7556}") = "Ecommerce", "Ecommerce\Ecommerce.csproj", "{9E3F1537-E48D-4493-857C-046ED55E7A91}"
EndProject
Project("{9A19103F-16F7-4668-BE54-9A1E7A4F7556}") = "Ioc", "Ioc\Ioc.csproj", "{FFE98AF7-A4B1-41C4-A96E-86C830526088}"
EndProject
Project("{9A19103F-16F7-4668-BE54-9A1E7A4F7556}") = "Data", "Data\Data.csproj", "{6A908333-CFC3-4630-8F0F-EC27E6787CAE}"
EndProject
Project("{9A19103F-16F7-4668-BE54-9A1E7A4F7556}") = "Services", "Services\Services.csproj", "{146D5B68-5E9E-4E3A-B8A6-F1C07232E210}"
EndProject
Project("{2150E333-8FDC-42A3-9474-1A3956D46DE8}") = "Shared", "Shared", "{4D85BFF5-B4CC-488C-AC6E-375A84D5503D}"
EndProject
Project("{9A19103F-16F7-4668-BE54-9A1E7A4F7556}") = "Logging", "Logging\Logging.csproj", "{09014E41-2EE6-4365-813C-60702BD1C0D0}"
EndProject
Project("{9A19103F-16F7-4668-BE54-9A1E7A4F7556}") = "Helpers", "Helpers\Helpers.csproj", "{CAC67C48-2B6C-42EE-B992-4A504431B14C}"
EndProject
Project("{9A19103F-16F7-4668-BE54-9A1E7A4F7556}") = "E.Shared", "E.Shared\E.Shared.csproj", "{D905345C-CE61-48F5-AF3D-44AC888D8C99}"
EndProject
Project("{2150E333-8FDC-42A3-9474-1A3956D46DE8}") = "Tests", "Tests", "{93E13840-7D5F-446F-AD92-C5050F7F59E7}"
EndProject
Project("{FAE04EC0-301F-11D3-BF4B-00C04F79EFBC}") = "Ecommerce.Test.Unit", "Ecommerce.Test.Unit\Ecommerce.Test.Unit.csproj", "{0F6C523F-381F-4DB2-AD3B-14A928969767}"
EndProject
Global
	GlobalSection(SolutionConfigurationPlatforms) = preSolution
		Debug|Any CPU = Debug|Any CPU
		Release|Any CPU = Release|Any CPU
	EndGlobalSection
	GlobalSection(ProjectConfigurationPlatforms) = postSolution
		{9E3F1537-E48D-4493-857C-046ED55E7A91}.Debug|Any CPU.ActiveCfg = Debug|Any CPU
		{9E3F1537-E48D-4493-857C-046ED55E7A91}.Debug|Any CPU.Build.0 = Debug|Any CPU
		{9E3F1537-E48D-4493-857C-046ED55E7A91}.Release|Any CPU.ActiveCfg = Release|Any CPU
		{9E3F1537-E48D-4493-857C-046ED55E7A91}.Release|Any CPU.Build.0 = Release|Any CPU
		{FFE98AF7-A4B1-41C4-A96E-86C830526088}.Debug|Any CPU.ActiveCfg = Debug|Any CPU
		{FFE98AF7-A4B1-41C4-A96E-86C830526088}.Debug|Any CPU.Build.0 = Debug|Any CPU
		{FFE98AF7-A4B1-41C4-A96E-86C830526088}.Release|Any CPU.ActiveCfg = Release|Any CPU
		{FFE98AF7-A4B1-41C4-A96E-86C830526088}.Release|Any CPU.Build.0 = Release|Any CPU
		{6A908333-CFC3-4630-8F0F-EC27E6787CAE}.Debug|Any CPU.ActiveCfg = Debug|Any CPU
		{6A908333-CFC3-4630-8F0F-EC27E6787CAE}.Debug|Any CPU.Build.0 = Debug|Any CPU
		{6A908333-CFC3-4630-8F0F-EC27E6787CAE}.Release|Any CPU.ActiveCfg = Release|Any CPU
		{6A908333-CFC3-4630-8F0F-EC27E6787CAE}.Release|Any CPU.Build.0 = Release|Any CPU
		{146D5B68-5E9E-4E3A-B8A6-F1C07232E210}.Debug|Any CPU.ActiveCfg = Debug|Any CPU
		{146D5B68-5E9E-4E3A-B8A6-F1C07232E210}.Debug|Any CPU.Build.0 = Debug|Any CPU
		{146D5B68-5E9E-4E3A-B8A6-F1C07232E210}.Release|Any CPU.ActiveCfg = Release|Any CPU
		{146D5B68-5E9E-4E3A-B8A6-F1C07232E210}.Release|Any CPU.Build.0 = Release|Any CPU
		{09014E41-2EE6-4365-813C-60702BD1C0D0}.Debug|Any CPU.ActiveCfg = Debug|Any CPU
		{09014E41-2EE6-4365-813C-60702BD1C0D0}.Debug|Any CPU.Build.0 = Debug|Any CPU
		{09014E41-2EE6-4365-813C-60702BD1C0D0}.Release|Any CPU.ActiveCfg = Release|Any CPU
		{09014E41-2EE6-4365-813C-60702BD1C0D0}.Release|Any CPU.Build.0 = Release|Any CPU
		{CAC67C48-2B6C-42EE-B992-4A504431B14C}.Debug|Any CPU.ActiveCfg = Debug|Any CPU
		{CAC67C48-2B6C-42EE-B992-4A504431B14C}.Debug|Any CPU.Build.0 = Debug|Any CPU
		{CAC67C48-2B6C-42EE-B992-4A504431B14C}.Release|Any CPU.ActiveCfg = Release|Any CPU
		{CAC67C48-2B6C-42EE-B992-4A504431B14C}.Release|Any CPU.Build.0 = Release|Any CPU
		{D905345C-CE61-48F5-AF3D-44AC888D8C99}.Debug|Any CPU.ActiveCfg = Debug|Any CPU
		{D905345C-CE61-48F5-AF3D-44AC888D8C99}.Debug|Any CPU.Build.0 = Debug|Any CPU
		{D905345C-CE61-48F5-AF3D-44AC888D8C99}.Release|Any CPU.ActiveCfg = Release|Any CPU
		{D905345C-CE61-48F5-AF3D-44AC888D8C99}.Release|Any CPU.Build.0 = Release|Any CPU
		{0F6C523F-381F-4DB2-AD3B-14A928969767}.Debug|Any CPU.ActiveCfg = Debug|Any CPU
		{0F6C523F-381F-4DB2-AD3B-14A928969767}.Debug|Any CPU.Build.0 = Debug|Any CPU
		{0F6C523F-381F-4DB2-AD3B-14A928969767}.Release|Any CPU.ActiveCfg = Release|Any CPU
		{0F6C523F-381F-4DB2-AD3B-14A928969767}.Release|Any CPU.Build.0 = Release|Any CPU
	EndGlobalSection
	GlobalSection(SolutionProperties) = preSolution
		HideSolutionNode = FALSE
	EndGlobalSection
	GlobalSection(NestedProjects) = preSolution
		{09014E41-2EE6-4365-813C-60702BD1C0D0} = {4D85BFF5-B4CC-488C-AC6E-375A84D5503D}
		{CAC67C48-2B6C-42EE-B992-4A504431B14C} = {4D85BFF5-B4CC-488C-AC6E-375A84D5503D}
		{D905345C-CE61-48F5-AF3D-44AC888D8C99} = {4D85BFF5-B4CC-488C-AC6E-375A84D5503D}
		{0F6C523F-381F-4DB2-AD3B-14A928969767} = {93E13840-7D5F-446F-AD92-C5050F7F59E7}
	EndGlobalSection
	GlobalSection(ExtensibilityGlobals) = postSolution
		SolutionGuid = {C0F399A5-1A45-496B-A7F3-BB712A341CEF}
	EndGlobalSection
EndGlobal
