
Microsoft Visual Studio Solution File, Format Version 12.00
# Visual Studio Version 16
VisualStudioVersion = 16.0.29102.190
MinimumVisualStudioVersion = 10.0.40219.1
Project("{FAE04EC0-301F-11D3-BF4B-00C04F79EFBC}") = "Ecommerce", "Ecommerce\Ecommerce.csproj", "{9E3F1537-E48D-4493-857C-046ED55E7A91}"
EndProject
Project("{FAE04EC0-301F-11D3-BF4B-00C04F79EFBC}") = "Ioc", "Ioc\Ioc.csproj", "{FFE98AF7-A4B1-41C4-A96E-86C830526088}"
EndProject
Global
	GlobalSection(SolutionConfigurationPlatforms) = preSolution
		Debug|Any CPU = Debug|Any CPU
		Release|Any CPU = Release|Any CPU
	EndGlobalSection
	GlobalSection(ProjectConfigurationPlatforms) = postSolution
		{9E3F1537-E48D-4493-857C-046ED55E7A91}.Debug|Any CPU.ActiveCfg = Debug|Any CPU
		{9E3F1537-E48D-4493-857C-046ED55E7A91}.Debug|Any CPU.Build.0 = Debug|Any CPU
		{9E3F1537-E48D-4493-857C-046ED55E7A91}.Release|Any CPU.ActiveCfg = Release|Any CPU
		{9E3F1537-E48D-4493-857C-046ED55E7A91}.Release|Any CPU.Build.0 = Release|Any CPU
		{FFE98AF7-A4B1-41C4-A96E-86C830526088}.Debug|Any CPU.ActiveCfg = Debug|Any CPU
		{FFE98AF7-A4B1-41C4-A96E-86C830526088}.Debug|Any CPU.Build.0 = Debug|Any CPU
		{FFE98AF7-A4B1-41C4-A96E-86C830526088}.Release|Any CPU.ActiveCfg = Release|Any CPU
		{FFE98AF7-A4B1-41C4-A96E-86C830526088}.Release|Any CPU.Build.0 = Release|Any CPU
	EndGlobalSection
	GlobalSection(SolutionProperties) = preSolution
		HideSolutionNode = FALSE
	EndGlobalSection
	GlobalSection(ExtensibilityGlobals) = postSolution
		SolutionGuid = {C0F399A5-1A45-496B-A7F3-BB712A341CEF}
	EndGlobalSection
EndGlobal
